
Microsoft Visual Studio Solution File, Format Version 12.00
# Visual Studio 15
VisualStudioVersion = 15.0.28307.572
MinimumVisualStudioVersion = 10.0.40219.1
Project("{FAE04EC0-301F-11D3-BF4B-00C04F79EFBC}") = "ManagementSystem", "ManagementSystem\ManagementSystem.csproj", "{7379C15C-F013-4D4F-9F2C-8492D2DED0D1}"
EndProject
Project("{FAE04EC0-301F-11D3-BF4B-00C04F79EFBC}") = "ManagementSystem.BLL", "ManagementSystem.BLL\ManagementSystem.BLL.csproj", "{0E9D53D5-887F-4576-8A9E-309A7CC41029}"
EndProject
Project("{FAE04EC0-301F-11D3-BF4B-00C04F79EFBC}") = "ManagementSystem.DAL", "ManagementSystem.DAL\ManagementSystem.DAL.csproj", "{87F0B56C-3B78-4DC6-BC83-D121BB5C4049}"
EndProject
Project("{FAE04EC0-301F-11D3-BF4B-00C04F79EFBC}") = "Common", "Common\Common.csproj", "{FD5C91CE-BEF1-4839-A241-746A31218D87}"
EndProject
Global
	GlobalSection(SolutionConfigurationPlatforms) = preSolution
		Debug|Any CPU = Debug|Any CPU
		Release|Any CPU = Release|Any CPU
	EndGlobalSection
	GlobalSection(ProjectConfigurationPlatforms) = postSolution
		{7379C15C-F013-4D4F-9F2C-8492D2DED0D1}.Debug|Any CPU.ActiveCfg = Debug|Any CPU
		{7379C15C-F013-4D4F-9F2C-8492D2DED0D1}.Debug|Any CPU.Build.0 = Debug|Any CPU
		{7379C15C-F013-4D4F-9F2C-8492D2DED0D1}.Release|Any CPU.ActiveCfg = Release|Any CPU
		{7379C15C-F013-4D4F-9F2C-8492D2DED0D1}.Release|Any CPU.Build.0 = Release|Any CPU
		{0E9D53D5-887F-4576-8A9E-309A7CC41029}.Debug|Any CPU.ActiveCfg = Debug|Any CPU
		{0E9D53D5-887F-4576-8A9E-309A7CC41029}.Debug|Any CPU.Build.0 = Debug|Any CPU
		{0E9D53D5-887F-4576-8A9E-309A7CC41029}.Release|Any CPU.ActiveCfg = Release|Any CPU
		{0E9D53D5-887F-4576-8A9E-309A7CC41029}.Release|Any CPU.Build.0 = Release|Any CPU
		{87F0B56C-3B78-4DC6-BC83-D121BB5C4049}.Debug|Any CPU.ActiveCfg = Debug|Any CPU
		{87F0B56C-3B78-4DC6-BC83-D121BB5C4049}.Debug|Any CPU.Build.0 = Debug|Any CPU
		{87F0B56C-3B78-4DC6-BC83-D121BB5C4049}.Release|Any CPU.ActiveCfg = Release|Any CPU
		{87F0B56C-3B78-4DC6-BC83-D121BB5C4049}.Release|Any CPU.Build.0 = Release|Any CPU
		{FD5C91CE-BEF1-4839-A241-746A31218D87}.Debug|Any CPU.ActiveCfg = Debug|Any CPU
		{FD5C91CE-BEF1-4839-A241-746A31218D87}.Debug|Any CPU.Build.0 = Debug|Any CPU
		{FD5C91CE-BEF1-4839-A241-746A31218D87}.Release|Any CPU.ActiveCfg = Release|Any CPU
		{FD5C91CE-BEF1-4839-A241-746A31218D87}.Release|Any CPU.Build.0 = Release|Any CPU
	EndGlobalSection
	GlobalSection(SolutionProperties) = preSolution
		HideSolutionNode = FALSE
	EndGlobalSection
	GlobalSection(ExtensibilityGlobals) = postSolution
		SolutionGuid = {F2DB28A5-E791-4E31-A992-2900FC384CFE}
	EndGlobalSection
EndGlobal
